// !$*UTF8*$!
{
	archiveVersion = 1;
	classes = {
	};
	objectVersion = 56;
	objects = {

/* Begin PBXBuildFile section */
		633F8E082B7C77BC00B92ADC /* PhotoDetailViewModel.swift in Sources */ = {isa = PBXBuildFile; fileRef = 633F8E072B7C77BC00B92ADC /* PhotoDetailViewModel.swift */; };
		633F8E0B2B7CFD0B00B92ADC /* PhotoDetailViewCell.swift in Sources */ = {isa = PBXBuildFile; fileRef = 633F8E0A2B7CFD0B00B92ADC /* PhotoDetailViewCell.swift */; };
		633F8E102B7F26EE00B92ADC /* ShareDisplayable.swift in Sources */ = {isa = PBXBuildFile; fileRef = 633F8E0F2B7F26EE00B92ADC /* ShareDisplayable.swift */; };
		633F8E122B8324DC00B92ADC /* UserDefaults+extension.swift in Sources */ = {isa = PBXBuildFile; fileRef = 633F8E112B8324DB00B92ADC /* UserDefaults+extension.swift */; };
		633F8E142B8C38EF00B92ADC /* PhotoListTitleViewContoller.swift in Sources */ = {isa = PBXBuildFile; fileRef = 633F8E132B8C38EF00B92ADC /* PhotoListTitleViewContoller.swift */; };
		639F549D2B7754F900F56F9F /* PhotoListViewModelTests.swift in Sources */ = {isa = PBXBuildFile; fileRef = 639F549C2B7754F900F56F9F /* PhotoListViewModelTests.swift */; };
		63BB60422B6FCC89002A4F8F /* AppDelegate.swift in Sources */ = {isa = PBXBuildFile; fileRef = 63BB60412B6FCC89002A4F8F /* AppDelegate.swift */; };
		63BB60442B6FCC89002A4F8F /* SceneDelegate.swift in Sources */ = {isa = PBXBuildFile; fileRef = 63BB60432B6FCC89002A4F8F /* SceneDelegate.swift */; };
		63BB60462B6FCC89002A4F8F /* MainViewController.swift in Sources */ = {isa = PBXBuildFile; fileRef = 63BB60452B6FCC89002A4F8F /* MainViewController.swift */; };
		63BB604B2B6FCC8B002A4F8F /* Assets.xcassets in Resources */ = {isa = PBXBuildFile; fileRef = 63BB604A2B6FCC8B002A4F8F /* Assets.xcassets */; };
		63BB604E2B6FCC8B002A4F8F /* LaunchScreen.storyboard in Resources */ = {isa = PBXBuildFile; fileRef = 63BB604C2B6FCC8B002A4F8F /* LaunchScreen.storyboard */; };
		63BB60592B6FCC8B002A4F8F /* ios_unsplashTests.swift in Sources */ = {isa = PBXBuildFile; fileRef = 63BB60582B6FCC8B002A4F8F /* ios_unsplashTests.swift */; };
		63BB60632B6FCC8B002A4F8F /* ios_unsplashUITests.swift in Sources */ = {isa = PBXBuildFile; fileRef = 63BB60622B6FCC8B002A4F8F /* ios_unsplashUITests.swift */; };
		63BB60652B6FCC8B002A4F8F /* ios_unsplashUITestsLaunchTests.swift in Sources */ = {isa = PBXBuildFile; fileRef = 63BB60642B6FCC8B002A4F8F /* ios_unsplashUITestsLaunchTests.swift */; };
		63BB60752B712DEF002A4F8F /* SearchViewController.swift in Sources */ = {isa = PBXBuildFile; fileRef = 63BB60742B712DEF002A4F8F /* SearchViewController.swift */; };
		63BB60782B712F38002A4F8F /* PhotoListViewController.swift in Sources */ = {isa = PBXBuildFile; fileRef = 63BB60772B712F38002A4F8F /* PhotoListViewController.swift */; };
		63BB607C2B723588002A4F8F /* PhotoListCell.swift in Sources */ = {isa = PBXBuildFile; fileRef = 63BB607B2B723588002A4F8F /* PhotoListCell.swift */; };
		63BB607E2B724A9E002A4F8F /* PhotoListModel.swift in Sources */ = {isa = PBXBuildFile; fileRef = 63BB607D2B724A9E002A4F8F /* PhotoListModel.swift */; };
		63BB60802B724ABD002A4F8F /* PhtoListViewModel.swift in Sources */ = {isa = PBXBuildFile; fileRef = 63BB607F2B724ABD002A4F8F /* PhtoListViewModel.swift */; };
		63BB60912B748791002A4F8F /* APIError.swift in Sources */ = {isa = PBXBuildFile; fileRef = 63BB60902B748791002A4F8F /* APIError.swift */; };
		63BB60932B7487E3002A4F8F /* APIKey.swift in Sources */ = {isa = PBXBuildFile; fileRef = 63BB60922B7487E3002A4F8F /* APIKey.swift */; };
		63BB60952B7487FE002A4F8F /* Key.plist in Resources */ = {isa = PBXBuildFile; fileRef = 63BB60942B7487FE002A4F8F /* Key.plist */; };
		63BB60972B748ABE002A4F8F /* URLSessionProvider.swift in Sources */ = {isa = PBXBuildFile; fileRef = 63BB60962B748ABE002A4F8F /* URLSessionProvider.swift */; };
		63BB60992B748AEE002A4F8F /* UnsplashEndPoint.swift in Sources */ = {isa = PBXBuildFile; fileRef = 63BB60982B748AEE002A4F8F /* UnsplashEndPoint.swift */; };
		63BB609C2B748FFA002A4F8F /* UnsplashRepository.swift in Sources */ = {isa = PBXBuildFile; fileRef = 63BB609B2B748FFA002A4F8F /* UnsplashRepository.swift */; };
		63BB609F2B74C138002A4F8F /* UIImageView+extension.swift in Sources */ = {isa = PBXBuildFile; fileRef = 63BB609E2B74C138002A4F8F /* UIImageView+extension.swift */; };
		63BB60A12B74C38D002A4F8F /* Array+extension.swift in Sources */ = {isa = PBXBuildFile; fileRef = 63BB60A02B74C38D002A4F8F /* Array+extension.swift */; };
		63F16C022B777A5800C7A94A /* PhotoDetailViewController.swift in Sources */ = {isa = PBXBuildFile; fileRef = 63F16C012B777A5800C7A94A /* PhotoDetailViewController.swift */; };
/* End PBXBuildFile section */

/* Begin PBXContainerItemProxy section */
		639F549E2B7754F900F56F9F /* PBXContainerItemProxy */ = {
			isa = PBXContainerItemProxy;
			containerPortal = 63BB60362B6FCC89002A4F8F /* Project object */;
			proxyType = 1;
			remoteGlobalIDString = 63BB603D2B6FCC89002A4F8F;
			remoteInfo = "ios-unsplash";
		};
		63BB60552B6FCC8B002A4F8F /* PBXContainerItemProxy */ = {
			isa = PBXContainerItemProxy;
			containerPortal = 63BB60362B6FCC89002A4F8F /* Project object */;
			proxyType = 1;
			remoteGlobalIDString = 63BB603D2B6FCC89002A4F8F;
			remoteInfo = "ios-unsplash";
		};
		63BB605F2B6FCC8B002A4F8F /* PBXContainerItemProxy */ = {
			isa = PBXContainerItemProxy;
			containerPortal = 63BB60362B6FCC89002A4F8F /* Project object */;
			proxyType = 1;
			remoteGlobalIDString = 63BB603D2B6FCC89002A4F8F;
			remoteInfo = "ios-unsplash";
		};
/* End PBXContainerItemProxy section */

/* Begin PBXFileReference section */
		633F8E072B7C77BC00B92ADC /* PhotoDetailViewModel.swift */ = {isa = PBXFileReference; lastKnownFileType = sourcecode.swift; path = PhotoDetailViewModel.swift; sourceTree = "<group>"; };
		633F8E0A2B7CFD0B00B92ADC /* PhotoDetailViewCell.swift */ = {isa = PBXFileReference; lastKnownFileType = sourcecode.swift; path = PhotoDetailViewCell.swift; sourceTree = "<group>"; };
		633F8E0F2B7F26EE00B92ADC /* ShareDisplayable.swift */ = {isa = PBXFileReference; lastKnownFileType = sourcecode.swift; path = ShareDisplayable.swift; sourceTree = "<group>"; };
		633F8E112B8324DB00B92ADC /* UserDefaults+extension.swift */ = {isa = PBXFileReference; lastKnownFileType = sourcecode.swift; path = "UserDefaults+extension.swift"; sourceTree = "<group>"; };
		633F8E132B8C38EF00B92ADC /* PhotoListTitleViewContoller.swift */ = {isa = PBXFileReference; lastKnownFileType = sourcecode.swift; path = PhotoListTitleViewContoller.swift; sourceTree = "<group>"; };
		639F549A2B7754F900F56F9F /* PhotoListViewModelTests.xctest */ = {isa = PBXFileReference; explicitFileType = wrapper.cfbundle; includeInIndex = 0; path = PhotoListViewModelTests.xctest; sourceTree = BUILT_PRODUCTS_DIR; };
		639F549C2B7754F900F56F9F /* PhotoListViewModelTests.swift */ = {isa = PBXFileReference; lastKnownFileType = sourcecode.swift; path = PhotoListViewModelTests.swift; sourceTree = "<group>"; };
		63BB603E2B6FCC89002A4F8F /* ios-unsplash.app */ = {isa = PBXFileReference; explicitFileType = wrapper.application; includeInIndex = 0; path = "ios-unsplash.app"; sourceTree = BUILT_PRODUCTS_DIR; };
		63BB60412B6FCC89002A4F8F /* AppDelegate.swift */ = {isa = PBXFileReference; lastKnownFileType = sourcecode.swift; path = AppDelegate.swift; sourceTree = "<group>"; };
		63BB60432B6FCC89002A4F8F /* SceneDelegate.swift */ = {isa = PBXFileReference; lastKnownFileType = sourcecode.swift; path = SceneDelegate.swift; sourceTree = "<group>"; };
		63BB60452B6FCC89002A4F8F /* MainViewController.swift */ = {isa = PBXFileReference; lastKnownFileType = sourcecode.swift; path = MainViewController.swift; sourceTree = "<group>"; };
		63BB604A2B6FCC8B002A4F8F /* Assets.xcassets */ = {isa = PBXFileReference; lastKnownFileType = folder.assetcatalog; path = Assets.xcassets; sourceTree = "<group>"; };
		63BB604D2B6FCC8B002A4F8F /* Base */ = {isa = PBXFileReference; lastKnownFileType = file.storyboard; name = Base; path = Base.lproj/LaunchScreen.storyboard; sourceTree = "<group>"; };
		63BB604F2B6FCC8B002A4F8F /* Info.plist */ = {isa = PBXFileReference; lastKnownFileType = text.plist.xml; path = Info.plist; sourceTree = "<group>"; };
		63BB60542B6FCC8B002A4F8F /* ios-unsplashTests.xctest */ = {isa = PBXFileReference; explicitFileType = wrapper.cfbundle; includeInIndex = 0; path = "ios-unsplashTests.xctest"; sourceTree = BUILT_PRODUCTS_DIR; };
		63BB60582B6FCC8B002A4F8F /* ios_unsplashTests.swift */ = {isa = PBXFileReference; lastKnownFileType = sourcecode.swift; path = ios_unsplashTests.swift; sourceTree = "<group>"; };
		63BB605E2B6FCC8B002A4F8F /* ios-unsplashUITests.xctest */ = {isa = PBXFileReference; explicitFileType = wrapper.cfbundle; includeInIndex = 0; path = "ios-unsplashUITests.xctest"; sourceTree = BUILT_PRODUCTS_DIR; };
		63BB60622B6FCC8B002A4F8F /* ios_unsplashUITests.swift */ = {isa = PBXFileReference; lastKnownFileType = sourcecode.swift; path = ios_unsplashUITests.swift; sourceTree = "<group>"; };
		63BB60642B6FCC8B002A4F8F /* ios_unsplashUITestsLaunchTests.swift */ = {isa = PBXFileReference; lastKnownFileType = sourcecode.swift; path = ios_unsplashUITestsLaunchTests.swift; sourceTree = "<group>"; };
		63BB60742B712DEF002A4F8F /* SearchViewController.swift */ = {isa = PBXFileReference; lastKnownFileType = sourcecode.swift; path = SearchViewController.swift; sourceTree = "<group>"; };
		63BB60772B712F38002A4F8F /* PhotoListViewController.swift */ = {isa = PBXFileReference; lastKnownFileType = sourcecode.swift; path = PhotoListViewController.swift; sourceTree = "<group>"; };
		63BB607B2B723588002A4F8F /* PhotoListCell.swift */ = {isa = PBXFileReference; lastKnownFileType = sourcecode.swift; path = PhotoListCell.swift; sourceTree = "<group>"; };
		63BB607D2B724A9E002A4F8F /* PhotoListModel.swift */ = {isa = PBXFileReference; lastKnownFileType = sourcecode.swift; path = PhotoListModel.swift; sourceTree = "<group>"; };
		63BB607F2B724ABD002A4F8F /* PhtoListViewModel.swift */ = {isa = PBXFileReference; lastKnownFileType = sourcecode.swift; path = PhtoListViewModel.swift; sourceTree = "<group>"; };
		63BB60902B748791002A4F8F /* APIError.swift */ = {isa = PBXFileReference; lastKnownFileType = sourcecode.swift; name = APIError.swift; path = "ios-unsplash/Networking/APIError.swift"; sourceTree = SOURCE_ROOT; };
		63BB60922B7487E3002A4F8F /* APIKey.swift */ = {isa = PBXFileReference; lastKnownFileType = sourcecode.swift; name = APIKey.swift; path = "ios-unsplash/Networking/APIKey.swift"; sourceTree = SOURCE_ROOT; };
		63BB60942B7487FE002A4F8F /* Key.plist */ = {isa = PBXFileReference; lastKnownFileType = text.plist.xml; path = Key.plist; sourceTree = "<group>"; };
		63BB60962B748ABE002A4F8F /* URLSessionProvider.swift */ = {isa = PBXFileReference; lastKnownFileType = sourcecode.swift; name = URLSessionProvider.swift; path = "ios-unsplash/Networking/URLSessionProvider.swift"; sourceTree = SOURCE_ROOT; };
		63BB60982B748AEE002A4F8F /* UnsplashEndPoint.swift */ = {isa = PBXFileReference; lastKnownFileType = sourcecode.swift; name = UnsplashEndPoint.swift; path = "ios-unsplash/Networking/UnsplashEndPoint.swift"; sourceTree = SOURCE_ROOT; };
		63BB609B2B748FFA002A4F8F /* UnsplashRepository.swift */ = {isa = PBXFileReference; lastKnownFileType = sourcecode.swift; path = UnsplashRepository.swift; sourceTree = "<group>"; };
		63BB609E2B74C138002A4F8F /* UIImageView+extension.swift */ = {isa = PBXFileReference; lastKnownFileType = sourcecode.swift; path = "UIImageView+extension.swift"; sourceTree = "<group>"; };
		63BB60A02B74C38D002A4F8F /* Array+extension.swift */ = {isa = PBXFileReference; lastKnownFileType = sourcecode.swift; path = "Array+extension.swift"; sourceTree = "<group>"; };
		63F16C012B777A5800C7A94A /* PhotoDetailViewController.swift */ = {isa = PBXFileReference; lastKnownFileType = sourcecode.swift; path = PhotoDetailViewController.swift; sourceTree = "<group>"; };
/* End PBXFileReference section */

/* Begin PBXFrameworksBuildPhase section */
		639F54972B7754F900F56F9F /* Frameworks */ = {
			isa = PBXFrameworksBuildPhase;
			buildActionMask = 2147483647;
			files = (
			);
			runOnlyForDeploymentPostprocessing = 0;
		};
		63BB603B2B6FCC89002A4F8F /* Frameworks */ = {
			isa = PBXFrameworksBuildPhase;
			buildActionMask = 2147483647;
			files = (
			);
			runOnlyForDeploymentPostprocessing = 0;
		};
		63BB60512B6FCC8B002A4F8F /* Frameworks */ = {
			isa = PBXFrameworksBuildPhase;
			buildActionMask = 2147483647;
			files = (
			);
			runOnlyForDeploymentPostprocessing = 0;
		};
		63BB605B2B6FCC8B002A4F8F /* Frameworks */ = {
			isa = PBXFrameworksBuildPhase;
			buildActionMask = 2147483647;
			files = (
			);
			runOnlyForDeploymentPostprocessing = 0;
		};
/* End PBXFrameworksBuildPhase section */

/* Begin PBXGroup section */
		633F8E092B7CFCFB00B92ADC /* Cell */ = {
			isa = PBXGroup;
			children = (
				633F8E0A2B7CFD0B00B92ADC /* PhotoDetailViewCell.swift */,
			);
			path = Cell;
			sourceTree = "<group>";
		};
		633F8E0C2B7F1A2F00B92ADC /* Protocol */ = {
			isa = PBXGroup;
			children = (
				633F8E0F2B7F26EE00B92ADC /* ShareDisplayable.swift */,
			);
			path = Protocol;
			sourceTree = "<group>";
		};
		639F549B2B7754F900F56F9F /* PhotoListViewModelTests */ = {
			isa = PBXGroup;
			children = (
				639F549C2B7754F900F56F9F /* PhotoListViewModelTests.swift */,
			);
			path = PhotoListViewModelTests;
			sourceTree = "<group>";
		};
		63BB60352B6FCC89002A4F8F = {
			isa = PBXGroup;
			children = (
				63BB60402B6FCC89002A4F8F /* ios-unsplash */,
				63BB60572B6FCC8B002A4F8F /* ios-unsplashTests */,
				639F549B2B7754F900F56F9F /* PhotoListViewModelTests */,
				63BB60612B6FCC8B002A4F8F /* ios-unsplashUITests */,
				63BB603F2B6FCC89002A4F8F /* Products */,
			);
			sourceTree = "<group>";
		};
		63BB603F2B6FCC89002A4F8F /* Products */ = {
			isa = PBXGroup;
			children = (
				63BB603E2B6FCC89002A4F8F /* ios-unsplash.app */,
				63BB60542B6FCC8B002A4F8F /* ios-unsplashTests.xctest */,
				63BB605E2B6FCC8B002A4F8F /* ios-unsplashUITests.xctest */,
				639F549A2B7754F900F56F9F /* PhotoListViewModelTests.xctest */,
			);
			name = Products;
			sourceTree = "<group>";
		};
		63BB60402B6FCC89002A4F8F /* ios-unsplash */ = {
			isa = PBXGroup;
			children = (
				633F8E0C2B7F1A2F00B92ADC /* Protocol */,
				63BB609D2B74C11C002A4F8F /* Extension */,
				63BB604F2B6FCC8B002A4F8F /* Info.plist */,
				63BB60942B7487FE002A4F8F /* Key.plist */,
				63BB60822B727A0D002A4F8F /* Networking */,
				63BB609A2B748FDD002A4F8F /* Repository */,
				63BB60732B712DB8002A4F8F /* MainViewController */,
				63BB60722B712CF8002A4F8F /* View */,
				63BB607A2B712F9F002A4F8F /* Resource */,
				63BB60712B712CE6002A4F8F /* App */,
			);
			path = "ios-unsplash";
			sourceTree = "<group>";
		};
		63BB60572B6FCC8B002A4F8F /* ios-unsplashTests */ = {
			isa = PBXGroup;
			children = (
				63BB60582B6FCC8B002A4F8F /* ios_unsplashTests.swift */,
			);
			path = "ios-unsplashTests";
			sourceTree = "<group>";
		};
		63BB60612B6FCC8B002A4F8F /* ios-unsplashUITests */ = {
			isa = PBXGroup;
			children = (
				63BB60622B6FCC8B002A4F8F /* ios_unsplashUITests.swift */,
				63BB60642B6FCC8B002A4F8F /* ios_unsplashUITestsLaunchTests.swift */,
			);
			path = "ios-unsplashUITests";
			sourceTree = "<group>";
		};
		63BB60712B712CE6002A4F8F /* App */ = {
			isa = PBXGroup;
			children = (
				63BB60412B6FCC89002A4F8F /* AppDelegate.swift */,
				63BB60432B6FCC89002A4F8F /* SceneDelegate.swift */,
			);
			path = App;
			sourceTree = "<group>";
		};
		63BB60722B712CF8002A4F8F /* View */ = {
			isa = PBXGroup;
			children = (
				63BB604C2B6FCC8B002A4F8F /* LaunchScreen.storyboard */,
			);
			path = View;
			sourceTree = "<group>";
		};
		63BB60732B712DB8002A4F8F /* MainViewController */ = {
			isa = PBXGroup;
			children = (
				63BB60452B6FCC89002A4F8F /* MainViewController.swift */,
				63BB60792B712F3C002A4F8F /* PhotoListViewController */,
				63F16C002B777A0E00C7A94A /* PhotoDetailViewController */,
				63BB60762B712DFC002A4F8F /* SearchView */,
			);
			path = MainViewController;
			sourceTree = "<group>";
		};
		63BB60762B712DFC002A4F8F /* SearchView */ = {
			isa = PBXGroup;
			children = (
				63BB60742B712DEF002A4F8F /* SearchViewController.swift */,
			);
			path = SearchView;
			sourceTree = "<group>";
		};
		63BB60792B712F3C002A4F8F /* PhotoListViewController */ = {
			isa = PBXGroup;
			children = (
				63BB60772B712F38002A4F8F /* PhotoListViewController.swift */,
				63BB607F2B724ABD002A4F8F /* PhtoListViewModel.swift */,
				63BB607D2B724A9E002A4F8F /* PhotoListModel.swift */,
				633F8E132B8C38EF00B92ADC /* PhotoListTitleViewContoller.swift */,
				63BB60812B724B7C002A4F8F /* Cell */,
			);
			path = PhotoListViewController;
			sourceTree = "<group>";
		};
		63BB607A2B712F9F002A4F8F /* Resource */ = {
			isa = PBXGroup;
			children = (
				63BB604A2B6FCC8B002A4F8F /* Assets.xcassets */,
			);
			path = Resource;
			sourceTree = "<group>";
		};
		63BB60812B724B7C002A4F8F /* Cell */ = {
			isa = PBXGroup;
			children = (
				63BB607B2B723588002A4F8F /* PhotoListCell.swift */,
			);
			path = Cell;
			sourceTree = "<group>";
		};
		63BB60822B727A0D002A4F8F /* Networking */ = {
			isa = PBXGroup;
			children = (
				63BB60902B748791002A4F8F /* APIError.swift */,
				63BB60922B7487E3002A4F8F /* APIKey.swift */,
				63BB60962B748ABE002A4F8F /* URLSessionProvider.swift */,
				63BB60982B748AEE002A4F8F /* UnsplashEndPoint.swift */,
			);
			path = Networking;
			sourceTree = "<group>";
		};
		63BB609A2B748FDD002A4F8F /* Repository */ = {
			isa = PBXGroup;
			children = (
				63BB609B2B748FFA002A4F8F /* UnsplashRepository.swift */,
			);
			path = Repository;
			sourceTree = "<group>";
		};
		63BB609D2B74C11C002A4F8F /* Extension */ = {
			isa = PBXGroup;
			children = (
				63BB609E2B74C138002A4F8F /* UIImageView+extension.swift */,
				63BB60A02B74C38D002A4F8F /* Array+extension.swift */,
				633F8E112B8324DB00B92ADC /* UserDefaults+extension.swift */,
			);
			path = Extension;
			sourceTree = "<group>";
		};
		63F16C002B777A0E00C7A94A /* PhotoDetailViewController */ = {
			isa = PBXGroup;
			children = (
				63F16C012B777A5800C7A94A /* PhotoDetailViewController.swift */,
				633F8E072B7C77BC00B92ADC /* PhotoDetailViewModel.swift */,
				633F8E092B7CFCFB00B92ADC /* Cell */,
			);
			path = PhotoDetailViewController;
			sourceTree = "<group>";
		};
/* End PBXGroup section */

/* Begin PBXNativeTarget section */
		639F54992B7754F900F56F9F /* PhotoListViewModelTests */ = {
			isa = PBXNativeTarget;
			buildConfigurationList = 639F54A02B7754F900F56F9F /* Build configuration list for PBXNativeTarget "PhotoListViewModelTests" */;
			buildPhases = (
				639F54962B7754F900F56F9F /* Sources */,
				639F54972B7754F900F56F9F /* Frameworks */,
				639F54982B7754F900F56F9F /* Resources */,
			);
			buildRules = (
			);
			dependencies = (
				639F549F2B7754F900F56F9F /* PBXTargetDependency */,
			);
			name = PhotoListViewModelTests;
			productName = PhotoListViewModelTests;
			productReference = 639F549A2B7754F900F56F9F /* PhotoListViewModelTests.xctest */;
			productType = "com.apple.product-type.bundle.unit-test";
		};
		63BB603D2B6FCC89002A4F8F /* ios-unsplash */ = {
			isa = PBXNativeTarget;
			buildConfigurationList = 63BB60682B6FCC8B002A4F8F /* Build configuration list for PBXNativeTarget "ios-unsplash" */;
			buildPhases = (
				63BB603A2B6FCC89002A4F8F /* Sources */,
				63BB603B2B6FCC89002A4F8F /* Frameworks */,
				63BB603C2B6FCC89002A4F8F /* Resources */,
			);
			buildRules = (
			);
			dependencies = (
			);
			name = "ios-unsplash";
			productName = "ios-unsplash";
			productReference = 63BB603E2B6FCC89002A4F8F /* ios-unsplash.app */;
			productType = "com.apple.product-type.application";
		};
		63BB60532B6FCC8B002A4F8F /* ios-unsplashTests */ = {
			isa = PBXNativeTarget;
			buildConfigurationList = 63BB606B2B6FCC8B002A4F8F /* Build configuration list for PBXNativeTarget "ios-unsplashTests" */;
			buildPhases = (
				63BB60502B6FCC8B002A4F8F /* Sources */,
				63BB60512B6FCC8B002A4F8F /* Frameworks */,
				63BB60522B6FCC8B002A4F8F /* Resources */,
			);
			buildRules = (
			);
			dependencies = (
				63BB60562B6FCC8B002A4F8F /* PBXTargetDependency */,
			);
			name = "ios-unsplashTests";
			productName = "ios-unsplashTests";
			productReference = 63BB60542B6FCC8B002A4F8F /* ios-unsplashTests.xctest */;
			productType = "com.apple.product-type.bundle.unit-test";
		};
		63BB605D2B6FCC8B002A4F8F /* ios-unsplashUITests */ = {
			isa = PBXNativeTarget;
			buildConfigurationList = 63BB606E2B6FCC8B002A4F8F /* Build configuration list for PBXNativeTarget "ios-unsplashUITests" */;
			buildPhases = (
				63BB605A2B6FCC8B002A4F8F /* Sources */,
				63BB605B2B6FCC8B002A4F8F /* Frameworks */,
				63BB605C2B6FCC8B002A4F8F /* Resources */,
			);
			buildRules = (
			);
			dependencies = (
				63BB60602B6FCC8B002A4F8F /* PBXTargetDependency */,
			);
			name = "ios-unsplashUITests";
			productName = "ios-unsplashUITests";
			productReference = 63BB605E2B6FCC8B002A4F8F /* ios-unsplashUITests.xctest */;
			productType = "com.apple.product-type.bundle.ui-testing";
		};
/* End PBXNativeTarget section */

/* Begin PBXProject section */
		63BB60362B6FCC89002A4F8F /* Project object */ = {
			isa = PBXProject;
			attributes = {
				BuildIndependentTargetsInParallel = 1;
				LastSwiftUpdateCheck = 1510;
				LastUpgradeCheck = 1510;
				TargetAttributes = {
					639F54992B7754F900F56F9F = {
						CreatedOnToolsVersion = 15.1;
						TestTargetID = 63BB603D2B6FCC89002A4F8F;
					};
					63BB603D2B6FCC89002A4F8F = {
						CreatedOnToolsVersion = 15.1;
					};
					63BB60532B6FCC8B002A4F8F = {
						CreatedOnToolsVersion = 15.1;
						TestTargetID = 63BB603D2B6FCC89002A4F8F;
					};
					63BB605D2B6FCC8B002A4F8F = {
						CreatedOnToolsVersion = 15.1;
						TestTargetID = 63BB603D2B6FCC89002A4F8F;
					};
				};
			};
			buildConfigurationList = 63BB60392B6FCC89002A4F8F /* Build configuration list for PBXProject "ios-unsplash" */;
			compatibilityVersion = "Xcode 14.0";
			developmentRegion = en;
			hasScannedForEncodings = 0;
			knownRegions = (
				en,
				Base,
			);
			mainGroup = 63BB60352B6FCC89002A4F8F;
			productRefGroup = 63BB603F2B6FCC89002A4F8F /* Products */;
			projectDirPath = "";
			projectRoot = "";
			targets = (
				63BB603D2B6FCC89002A4F8F /* ios-unsplash */,
				63BB60532B6FCC8B002A4F8F /* ios-unsplashTests */,
				63BB605D2B6FCC8B002A4F8F /* ios-unsplashUITests */,
				639F54992B7754F900F56F9F /* PhotoListViewModelTests */,
			);
		};
/* End PBXProject section */

/* Begin PBXResourcesBuildPhase section */
		639F54982B7754F900F56F9F /* Resources */ = {
			isa = PBXResourcesBuildPhase;
			buildActionMask = 2147483647;
			files = (
			);
			runOnlyForDeploymentPostprocessing = 0;
		};
		63BB603C2B6FCC89002A4F8F /* Resources */ = {
			isa = PBXResourcesBuildPhase;
			buildActionMask = 2147483647;
			files = (
				63BB604E2B6FCC8B002A4F8F /* LaunchScreen.storyboard in Resources */,
				63BB604B2B6FCC8B002A4F8F /* Assets.xcassets in Resources */,
				63BB60952B7487FE002A4F8F /* Key.plist in Resources */,
			);
			runOnlyForDeploymentPostprocessing = 0;
		};
		63BB60522B6FCC8B002A4F8F /* Resources */ = {
			isa = PBXResourcesBuildPhase;
			buildActionMask = 2147483647;
			files = (
			);
			runOnlyForDeploymentPostprocessing = 0;
		};
		63BB605C2B6FCC8B002A4F8F /* Resources */ = {
			isa = PBXResourcesBuildPhase;
			buildActionMask = 2147483647;
			files = (
			);
			runOnlyForDeploymentPostprocessing = 0;
		};
/* End PBXResourcesBuildPhase section */

/* Begin PBXSourcesBuildPhase section */
		639F54962B7754F900F56F9F /* Sources */ = {
			isa = PBXSourcesBuildPhase;
			buildActionMask = 2147483647;
			files = (
				639F549D2B7754F900F56F9F /* PhotoListViewModelTests.swift in Sources */,
			);
			runOnlyForDeploymentPostprocessing = 0;
		};
		63BB603A2B6FCC89002A4F8F /* Sources */ = {
			isa = PBXSourcesBuildPhase;
			buildActionMask = 2147483647;
			files = (
				633F8E082B7C77BC00B92ADC /* PhotoDetailViewModel.swift in Sources */,
				63BB60992B748AEE002A4F8F /* UnsplashEndPoint.swift in Sources */,
				63BB60782B712F38002A4F8F /* PhotoListViewController.swift in Sources */,
				63BB609F2B74C138002A4F8F /* UIImageView+extension.swift in Sources */,
				63BB607E2B724A9E002A4F8F /* PhotoListModel.swift in Sources */,
				633F8E102B7F26EE00B92ADC /* ShareDisplayable.swift in Sources */,
				63BB60462B6FCC89002A4F8F /* MainViewController.swift in Sources */,
				63BB60422B6FCC89002A4F8F /* AppDelegate.swift in Sources */,
				63BB60932B7487E3002A4F8F /* APIKey.swift in Sources */,
				63BB60752B712DEF002A4F8F /* SearchViewController.swift in Sources */,
				63BB60802B724ABD002A4F8F /* PhtoListViewModel.swift in Sources */,
				63F16C022B777A5800C7A94A /* PhotoDetailViewController.swift in Sources */,
				63BB60972B748ABE002A4F8F /* URLSessionProvider.swift in Sources */,
				63BB607C2B723588002A4F8F /* PhotoListCell.swift in Sources */,
				633F8E142B8C38EF00B92ADC /* PhotoListTitleViewContoller.swift in Sources */,
				633F8E122B8324DC00B92ADC /* UserDefaults+extension.swift in Sources */,
				63BB60442B6FCC89002A4F8F /* SceneDelegate.swift in Sources */,
				63BB60A12B74C38D002A4F8F /* Array+extension.swift in Sources */,
				633F8E0B2B7CFD0B00B92ADC /* PhotoDetailViewCell.swift in Sources */,
				63BB609C2B748FFA002A4F8F /* UnsplashRepository.swift in Sources */,
				63BB60912B748791002A4F8F /* APIError.swift in Sources */,
			);
			runOnlyForDeploymentPostprocessing = 0;
		};
		63BB60502B6FCC8B002A4F8F /* Sources */ = {
			isa = PBXSourcesBuildPhase;
			buildActionMask = 2147483647;
			files = (
				63BB60592B6FCC8B002A4F8F /* ios_unsplashTests.swift in Sources */,
			);
			runOnlyForDeploymentPostprocessing = 0;
		};
		63BB605A2B6FCC8B002A4F8F /* Sources */ = {
			isa = PBXSourcesBuildPhase;
			buildActionMask = 2147483647;
			files = (
				63BB60652B6FCC8B002A4F8F /* ios_unsplashUITestsLaunchTests.swift in Sources */,
				63BB60632B6FCC8B002A4F8F /* ios_unsplashUITests.swift in Sources */,
			);
			runOnlyForDeploymentPostprocessing = 0;
		};
/* End PBXSourcesBuildPhase section */

/* Begin PBXTargetDependency section */
		639F549F2B7754F900F56F9F /* PBXTargetDependency */ = {
			isa = PBXTargetDependency;
			target = 63BB603D2B6FCC89002A4F8F /* ios-unsplash */;
			targetProxy = 639F549E2B7754F900F56F9F /* PBXContainerItemProxy */;
		};
		63BB60562B6FCC8B002A4F8F /* PBXTargetDependency */ = {
			isa = PBXTargetDependency;
			target = 63BB603D2B6FCC89002A4F8F /* ios-unsplash */;
			targetProxy = 63BB60552B6FCC8B002A4F8F /* PBXContainerItemProxy */;
		};
		63BB60602B6FCC8B002A4F8F /* PBXTargetDependency */ = {
			isa = PBXTargetDependency;
			target = 63BB603D2B6FCC89002A4F8F /* ios-unsplash */;
			targetProxy = 63BB605F2B6FCC8B002A4F8F /* PBXContainerItemProxy */;
		};
/* End PBXTargetDependency section */

/* Begin PBXVariantGroup section */
		63BB604C2B6FCC8B002A4F8F /* LaunchScreen.storyboard */ = {
			isa = PBXVariantGroup;
			children = (
				63BB604D2B6FCC8B002A4F8F /* Base */,
			);
			name = LaunchScreen.storyboard;
			sourceTree = "<group>";
		};
/* End PBXVariantGroup section */

/* Begin XCBuildConfiguration section */
		639F54A12B7754F900F56F9F /* Debug */ = {
			isa = XCBuildConfiguration;
			buildSettings = {
				BUNDLE_LOADER = "$(TEST_HOST)";
				CODE_SIGN_STYLE = Automatic;
				CURRENT_PROJECT_VERSION = 1;
				GENERATE_INFOPLIST_FILE = YES;
				IPHONEOS_DEPLOYMENT_TARGET = 17.2;
				MACOSX_DEPLOYMENT_TARGET = 14.2;
				MARKETING_VERSION = 1.0;
				PRODUCT_BUNDLE_IDENTIFIER = test.PhotoListViewModelTests;
				PRODUCT_NAME = "$(TARGET_NAME)";
				SDKROOT = auto;
				SUPPORTED_PLATFORMS = "iphoneos iphonesimulator macosx";
				SWIFT_EMIT_LOC_STRINGS = NO;
				SWIFT_VERSION = 5.0;
				TARGETED_DEVICE_FAMILY = "1,2";
				TEST_HOST = "$(BUILT_PRODUCTS_DIR)/ios-unsplash.app/$(BUNDLE_EXECUTABLE_FOLDER_PATH)/ios-unsplash";
			};
			name = Debug;
		};
		639F54A22B7754F900F56F9F /* Release */ = {
			isa = XCBuildConfiguration;
			buildSettings = {
				BUNDLE_LOADER = "$(TEST_HOST)";
				CODE_SIGN_STYLE = Automatic;
				CURRENT_PROJECT_VERSION = 1;
				GENERATE_INFOPLIST_FILE = YES;
				IPHONEOS_DEPLOYMENT_TARGET = 17.2;
				MACOSX_DEPLOYMENT_TARGET = 14.2;
				MARKETING_VERSION = 1.0;
				PRODUCT_BUNDLE_IDENTIFIER = test.PhotoListViewModelTests;
				PRODUCT_NAME = "$(TARGET_NAME)";
				SDKROOT = auto;
				SUPPORTED_PLATFORMS = "iphoneos iphonesimulator macosx";
				SWIFT_EMIT_LOC_STRINGS = NO;
				SWIFT_VERSION = 5.0;
				TARGETED_DEVICE_FAMILY = "1,2";
				TEST_HOST = "$(BUILT_PRODUCTS_DIR)/ios-unsplash.app/$(BUNDLE_EXECUTABLE_FOLDER_PATH)/ios-unsplash";
			};
			name = Release;
		};
		63BB60662B6FCC8B002A4F8F /* Debug */ = {
			isa = XCBuildConfiguration;
			buildSettings = {
				ALWAYS_SEARCH_USER_PATHS = NO;
				ASSETCATALOG_COMPILER_GENERATE_SWIFT_ASSET_SYMBOL_EXTENSIONS = YES;
				CLANG_ANALYZER_NONNULL = YES;
				CLANG_ANALYZER_NUMBER_OBJECT_CONVERSION = YES_AGGRESSIVE;
				CLANG_CXX_LANGUAGE_STANDARD = "gnu++20";
				CLANG_ENABLE_MODULES = YES;
				CLANG_ENABLE_OBJC_ARC = YES;
				CLANG_ENABLE_OBJC_WEAK = YES;
				CLANG_WARN_BLOCK_CAPTURE_AUTORELEASING = YES;
				CLANG_WARN_BOOL_CONVERSION = YES;
				CLANG_WARN_COMMA = YES;
				CLANG_WARN_CONSTANT_CONVERSION = YES;
				CLANG_WARN_DEPRECATED_OBJC_IMPLEMENTATIONS = YES;
				CLANG_WARN_DIRECT_OBJC_ISA_USAGE = YES_ERROR;
				CLANG_WARN_DOCUMENTATION_COMMENTS = YES;
				CLANG_WARN_EMPTY_BODY = YES;
				CLANG_WARN_ENUM_CONVERSION = YES;
				CLANG_WARN_INFINITE_RECURSION = YES;
				CLANG_WARN_INT_CONVERSION = YES;
				CLANG_WARN_NON_LITERAL_NULL_CONVERSION = YES;
				CLANG_WARN_OBJC_IMPLICIT_RETAIN_SELF = YES;
				CLANG_WARN_OBJC_LITERAL_CONVERSION = YES;
				CLANG_WARN_OBJC_ROOT_CLASS = YES_ERROR;
				CLANG_WARN_QUOTED_INCLUDE_IN_FRAMEWORK_HEADER = YES;
				CLANG_WARN_RANGE_LOOP_ANALYSIS = YES;
				CLANG_WARN_STRICT_PROTOTYPES = YES;
				CLANG_WARN_SUSPICIOUS_MOVE = YES;
				CLANG_WARN_UNGUARDED_AVAILABILITY = YES_AGGRESSIVE;
				CLANG_WARN_UNREACHABLE_CODE = YES;
				CLANG_WARN__DUPLICATE_METHOD_MATCH = YES;
				COPY_PHASE_STRIP = NO;
				DEBUG_INFORMATION_FORMAT = dwarf;
				ENABLE_STRICT_OBJC_MSGSEND = YES;
				ENABLE_TESTABILITY = YES;
				ENABLE_USER_SCRIPT_SANDBOXING = YES;
				GCC_C_LANGUAGE_STANDARD = gnu17;
				GCC_DYNAMIC_NO_PIC = NO;
				GCC_NO_COMMON_BLOCKS = YES;
				GCC_OPTIMIZATION_LEVEL = 0;
				GCC_PREPROCESSOR_DEFINITIONS = (
					"DEBUG=1",
					"$(inherited)",
				);
				GCC_WARN_64_TO_32_BIT_CONVERSION = YES;
				GCC_WARN_ABOUT_RETURN_TYPE = YES_ERROR;
				GCC_WARN_UNDECLARED_SELECTOR = YES;
				GCC_WARN_UNINITIALIZED_AUTOS = YES_AGGRESSIVE;
				GCC_WARN_UNUSED_FUNCTION = YES;
				GCC_WARN_UNUSED_VARIABLE = YES;
				IPHONEOS_DEPLOYMENT_TARGET = 17.2;
				LOCALIZATION_PREFERS_STRING_CATALOGS = YES;
				MTL_ENABLE_DEBUG_INFO = INCLUDE_SOURCE;
				MTL_FAST_MATH = YES;
				ONLY_ACTIVE_ARCH = YES;
				SDKROOT = iphoneos;
				SWIFT_ACTIVE_COMPILATION_CONDITIONS = "DEBUG $(inherited)";
				SWIFT_OPTIMIZATION_LEVEL = "-Onone";
			};
			name = Debug;
		};
		63BB60672B6FCC8B002A4F8F /* Release */ = {
			isa = XCBuildConfiguration;
			buildSettings = {
				ALWAYS_SEARCH_USER_PATHS = NO;
				ASSETCATALOG_COMPILER_GENERATE_SWIFT_ASSET_SYMBOL_EXTENSIONS = YES;
				CLANG_ANALYZER_NONNULL = YES;
				CLANG_ANALYZER_NUMBER_OBJECT_CONVERSION = YES_AGGRESSIVE;
				CLANG_CXX_LANGUAGE_STANDARD = "gnu++20";
				CLANG_ENABLE_MODULES = YES;
				CLANG_ENABLE_OBJC_ARC = YES;
				CLANG_ENABLE_OBJC_WEAK = YES;
				CLANG_WARN_BLOCK_CAPTURE_AUTORELEASING = YES;
				CLANG_WARN_BOOL_CONVERSION = YES;
				CLANG_WARN_COMMA = YES;
				CLANG_WARN_CONSTANT_CONVERSION = YES;
				CLANG_WARN_DEPRECATED_OBJC_IMPLEMENTATIONS = YES;
				CLANG_WARN_DIRECT_OBJC_ISA_USAGE = YES_ERROR;
				CLANG_WARN_DOCUMENTATION_COMMENTS = YES;
				CLANG_WARN_EMPTY_BODY = YES;
				CLANG_WARN_ENUM_CONVERSION = YES;
				CLANG_WARN_INFINITE_RECURSION = YES;
				CLANG_WARN_INT_CONVERSION = YES;
				CLANG_WARN_NON_LITERAL_NULL_CONVERSION = YES;
				CLANG_WARN_OBJC_IMPLICIT_RETAIN_SELF = YES;
				CLANG_WARN_OBJC_LITERAL_CONVERSION = YES;
				CLANG_WARN_OBJC_ROOT_CLASS = YES_ERROR;
				CLANG_WARN_QUOTED_INCLUDE_IN_FRAMEWORK_HEADER = YES;
				CLANG_WARN_RANGE_LOOP_ANALYSIS = YES;
				CLANG_WARN_STRICT_PROTOTYPES = YES;
				CLANG_WARN_SUSPICIOUS_MOVE = YES;
				CLANG_WARN_UNGUARDED_AVAILABILITY = YES_AGGRESSIVE;
				CLANG_WARN_UNREACHABLE_CODE = YES;
				CLANG_WARN__DUPLICATE_METHOD_MATCH = YES;
				COPY_PHASE_STRIP = NO;
				DEBUG_INFORMATION_FORMAT = "dwarf-with-dsym";
				ENABLE_NS_ASSERTIONS = NO;
				ENABLE_STRICT_OBJC_MSGSEND = YES;
				ENABLE_USER_SCRIPT_SANDBOXING = YES;
				GCC_C_LANGUAGE_STANDARD = gnu17;
				GCC_NO_COMMON_BLOCKS = YES;
				GCC_WARN_64_TO_32_BIT_CONVERSION = YES;
				GCC_WARN_ABOUT_RETURN_TYPE = YES_ERROR;
				GCC_WARN_UNDECLARED_SELECTOR = YES;
				GCC_WARN_UNINITIALIZED_AUTOS = YES_AGGRESSIVE;
				GCC_WARN_UNUSED_FUNCTION = YES;
				GCC_WARN_UNUSED_VARIABLE = YES;
				IPHONEOS_DEPLOYMENT_TARGET = 17.2;
				LOCALIZATION_PREFERS_STRING_CATALOGS = YES;
				MTL_ENABLE_DEBUG_INFO = NO;
				MTL_FAST_MATH = YES;
				SDKROOT = iphoneos;
				SWIFT_COMPILATION_MODE = wholemodule;
				VALIDATE_PRODUCT = YES;
			};
			name = Release;
		};
		63BB60692B6FCC8B002A4F8F /* Debug */ = {
			isa = XCBuildConfiguration;
			buildSettings = {
				ASSETCATALOG_COMPILER_APPICON_NAME = AppIcon;
				ASSETCATALOG_COMPILER_GLOBAL_ACCENT_COLOR_NAME = AccentColor;
				CODE_SIGN_STYLE = Automatic;
				CURRENT_PROJECT_VERSION = 1;
				GENERATE_INFOPLIST_FILE = YES;
				INFOPLIST_FILE = "ios-unsplash/Info.plist";
				INFOPLIST_KEY_UIApplicationSupportsIndirectInputEvents = YES;
				INFOPLIST_KEY_UILaunchStoryboardName = LaunchScreen;
				INFOPLIST_KEY_UISupportedInterfaceOrientations_iPad = "UIInterfaceOrientationPortrait UIInterfaceOrientationPortraitUpsideDown UIInterfaceOrientationLandscapeLeft UIInterfaceOrientationLandscapeRight";
				INFOPLIST_KEY_UISupportedInterfaceOrientations_iPhone = "UIInterfaceOrientationPortrait UIInterfaceOrientationLandscapeLeft UIInterfaceOrientationLandscapeRight";
				IPHONEOS_DEPLOYMENT_TARGET = 16.0;
				LD_RUNPATH_SEARCH_PATHS = (
					"$(inherited)",
					"@executable_path/Frameworks",
				);
				MARKETING_VERSION = 1.0;
				PRODUCT_BUNDLE_IDENTIFIER = "test.ios-unsplash";
				PRODUCT_NAME = "$(TARGET_NAME)";
				SWIFT_EMIT_LOC_STRINGS = YES;
				SWIFT_VERSION = 5.0;
				TARGETED_DEVICE_FAMILY = "1,2";
			};
			name = Debug;
		};
		63BB606A2B6FCC8B002A4F8F /* Release */ = {
			isa = XCBuildConfiguration;
			buildSettings = {
				ASSETCATALOG_COMPILER_APPICON_NAME = AppIcon;
				ASSETCATALOG_COMPILER_GLOBAL_ACCENT_COLOR_NAME = AccentColor;
				CODE_SIGN_STYLE = Automatic;
				CURRENT_PROJECT_VERSION = 1;
				GENERATE_INFOPLIST_FILE = YES;
				INFOPLIST_FILE = "ios-unsplash/Info.plist";
				INFOPLIST_KEY_UIApplicationSupportsIndirectInputEvents = YES;
				INFOPLIST_KEY_UILaunchStoryboardName = LaunchScreen;
				INFOPLIST_KEY_UISupportedInterfaceOrientations_iPad = "UIInterfaceOrientationPortrait UIInterfaceOrientationPortraitUpsideDown UIInterfaceOrientationLandscapeLeft UIInterfaceOrientationLandscapeRight";
				INFOPLIST_KEY_UISupportedInterfaceOrientations_iPhone = "UIInterfaceOrientationPortrait UIInterfaceOrientationLandscapeLeft UIInterfaceOrientationLandscapeRight";
				IPHONEOS_DEPLOYMENT_TARGET = 16.0;
				LD_RUNPATH_SEARCH_PATHS = (
					"$(inherited)",
					"@executable_path/Frameworks",
				);
				MARKETING_VERSION = 1.0;
				PRODUCT_BUNDLE_IDENTIFIER = "test.ios-unsplash";
				PRODUCT_NAME = "$(TARGET_NAME)";
				SWIFT_EMIT_LOC_STRINGS = YES;
				SWIFT_VERSION = 5.0;
				TARGETED_DEVICE_FAMILY = "1,2";
			};
			name = Release;
		};
		63BB606C2B6FCC8B002A4F8F /* Debug */ = {
			isa = XCBuildConfiguration;
			buildSettings = {
				ALWAYS_EMBED_SWIFT_STANDARD_LIBRARIES = YES;
				BUNDLE_LOADER = "$(TEST_HOST)";
				CODE_SIGN_STYLE = Automatic;
				CURRENT_PROJECT_VERSION = 1;
				GENERATE_INFOPLIST_FILE = YES;
				IPHONEOS_DEPLOYMENT_TARGET = 17.2;
				MARKETING_VERSION = 1.0;
				PRODUCT_BUNDLE_IDENTIFIER = "test.ios-unsplashTests";
				PRODUCT_NAME = "$(TARGET_NAME)";
				SWIFT_EMIT_LOC_STRINGS = NO;
				SWIFT_VERSION = 5.0;
				TARGETED_DEVICE_FAMILY = "1,2";
				TEST_HOST = "$(BUILT_PRODUCTS_DIR)/ios-unsplash.app/$(BUNDLE_EXECUTABLE_FOLDER_PATH)/ios-unsplash";
			};
			name = Debug;
		};
		63BB606D2B6FCC8B002A4F8F /* Release */ = {
			isa = XCBuildConfiguration;
			buildSettings = {
				ALWAYS_EMBED_SWIFT_STANDARD_LIBRARIES = YES;
				BUNDLE_LOADER = "$(TEST_HOST)";
				CODE_SIGN_STYLE = Automatic;
				CURRENT_PROJECT_VERSION = 1;
				GENERATE_INFOPLIST_FILE = YES;
				IPHONEOS_DEPLOYMENT_TARGET = 17.2;
				MARKETING_VERSION = 1.0;
				PRODUCT_BUNDLE_IDENTIFIER = "test.ios-unsplashTests";
				PRODUCT_NAME = "$(TARGET_NAME)";
				SWIFT_EMIT_LOC_STRINGS = NO;
				SWIFT_VERSION = 5.0;
				TARGETED_DEVICE_FAMILY = "1,2";
				TEST_HOST = "$(BUILT_PRODUCTS_DIR)/ios-unsplash.app/$(BUNDLE_EXECUTABLE_FOLDER_PATH)/ios-unsplash";
			};
			name = Release;
		};
		63BB606F2B6FCC8B002A4F8F /* Debug */ = {
			isa = XCBuildConfiguration;
			buildSettings = {
				ALWAYS_EMBED_SWIFT_STANDARD_LIBRARIES = YES;
				CODE_SIGN_STYLE = Automatic;
				CURRENT_PROJECT_VERSION = 1;
				GENERATE_INFOPLIST_FILE = YES;
				MARKETING_VERSION = 1.0;
				PRODUCT_BUNDLE_IDENTIFIER = "test.ios-unsplashUITests";
				PRODUCT_NAME = "$(TARGET_NAME)";
				SWIFT_EMIT_LOC_STRINGS = NO;
				SWIFT_VERSION = 5.0;
				TARGETED_DEVICE_FAMILY = "1,2";
				TEST_TARGET_NAME = "ios-unsplash";
			};
			name = Debug;
		};
		63BB60702B6FCC8B002A4F8F /* Release */ = {
			isa = XCBuildConfiguration;
			buildSettings = {
				ALWAYS_EMBED_SWIFT_STANDARD_LIBRARIES = YES;
				CODE_SIGN_STYLE = Automatic;
				CURRENT_PROJECT_VERSION = 1;
				GENERATE_INFOPLIST_FILE = YES;
				MARKETING_VERSION = 1.0;
				PRODUCT_BUNDLE_IDENTIFIER = "test.ios-unsplashUITests";
				PRODUCT_NAME = "$(TARGET_NAME)";
				SWIFT_EMIT_LOC_STRINGS = NO;
				SWIFT_VERSION = 5.0;
				TARGETED_DEVICE_FAMILY = "1,2";
				TEST_TARGET_NAME = "ios-unsplash";
			};
			name = Release;
		};
/* End XCBuildConfiguration section */

/* Begin XCConfigurationList section */
		639F54A02B7754F900F56F9F /* Build configuration list for PBXNativeTarget "PhotoListViewModelTests" */ = {
			isa = XCConfigurationList;
			buildConfigurations = (
				639F54A12B7754F900F56F9F /* Debug */,
				639F54A22B7754F900F56F9F /* Release */,
			);
			defaultConfigurationIsVisible = 0;
			defaultConfigurationName = Release;
		};
		63BB60392B6FCC89002A4F8F /* Build configuration list for PBXProject "ios-unsplash" */ = {
			isa = XCConfigurationList;
			buildConfigurations = (
				63BB60662B6FCC8B002A4F8F /* Debug */,
				63BB60672B6FCC8B002A4F8F /* Release */,
			);
			defaultConfigurationIsVisible = 0;
			defaultConfigurationName = Release;
		};
		63BB60682B6FCC8B002A4F8F /* Build configuration list for PBXNativeTarget "ios-unsplash" */ = {
			isa = XCConfigurationList;
			buildConfigurations = (
				63BB60692B6FCC8B002A4F8F /* Debug */,
				63BB606A2B6FCC8B002A4F8F /* Release */,
			);
			defaultConfigurationIsVisible = 0;
			defaultConfigurationName = Release;
		};
		63BB606B2B6FCC8B002A4F8F /* Build configuration list for PBXNativeTarget "ios-unsplashTests" */ = {
			isa = XCConfigurationList;
			buildConfigurations = (
				63BB606C2B6FCC8B002A4F8F /* Debug */,
				63BB606D2B6FCC8B002A4F8F /* Release */,
			);
			defaultConfigurationIsVisible = 0;
			defaultConfigurationName = Release;
		};
		63BB606E2B6FCC8B002A4F8F /* Build configuration list for PBXNativeTarget "ios-unsplashUITests" */ = {
			isa = XCConfigurationList;
			buildConfigurations = (
				63BB606F2B6FCC8B002A4F8F /* Debug */,
				63BB60702B6FCC8B002A4F8F /* Release */,
			);
			defaultConfigurationIsVisible = 0;
			defaultConfigurationName = Release;
		};
/* End XCConfigurationList section */
	};
	rootObject = 63BB60362B6FCC89002A4F8F /* Project object */;
}
